// !$*UTF8*$!
{
	archiveVersion = 1;
	classes = {
	};
	objectVersion = 46;
	objects = {

/* Begin PBXBuildFile section */
		154FB1411E30CB5100841213 /* main.m in Sources */ = {isa = PBXBuildFile; fileRef = 154FB1401E30CB5100841213 /* main.m */; };
		154FB1441E30CB5100841213 /* AppDelegate.m in Sources */ = {isa = PBXBuildFile; fileRef = 154FB1431E30CB5100841213 /* AppDelegate.m */; };
		154FB1471E30CB5100841213 /* ViewController.m in Sources */ = {isa = PBXBuildFile; fileRef = 154FB1461E30CB5100841213 /* ViewController.m */; };
		154FB14A1E30CB5100841213 /* Main.storyboard in Resources */ = {isa = PBXBuildFile; fileRef = 154FB1481E30CB5100841213 /* Main.storyboard */; };
		154FB14C1E30CB5100841213 /* Assets.xcassets in Resources */ = {isa = PBXBuildFile; fileRef = 154FB14B1E30CB5100841213 /* Assets.xcassets */; };
		154FB14F1E30CB5100841213 /* LaunchScreen.storyboard in Resources */ = {isa = PBXBuildFile; fileRef = 154FB14D1E30CB5100841213 /* LaunchScreen.storyboard */; };
/* End PBXBuildFile section */

/* Begin PBXFileReference section */
		154FB13C1E30CB5100841213 /* PirateAdventureGame.app */ = {isa = PBXFileReference; explicitFileType = wrapper.application; includeInIndex = 0; path = PirateAdventureGame.app; sourceTree = BUILT_PRODUCTS_DIR; };
		154FB1401E30CB5100841213 /* main.m */ = {isa = PBXFileReference; lastKnownFileType = sourcecode.c.objc; path = main.m; sourceTree = "<group>"; };
		154FB1421E30CB5100841213 /* AppDelegate.h */ = {isa = PBXFileReference; lastKnownFileType = sourcecode.c.h; path = AppDelegate.h; sourceTree = "<group>"; };
		154FB1431E30CB5100841213 /* AppDelegate.m */ = {isa = PBXFileReference; lastKnownFileType = sourcecode.c.objc; path = AppDelegate.m; sourceTree = "<group>"; };
		154FB1451E30CB5100841213 /* ViewController.h */ = {isa = PBXFileReference; lastKnownFileType = sourcecode.c.h; path = ViewController.h; sourceTree = "<group>"; };
		154FB1461E30CB5100841213 /* ViewController.m */ = {isa = PBXFileReference; lastKnownFileType = sourcecode.c.objc; path = ViewController.m; sourceTree = "<group>"; };
		154FB1491E30CB5100841213 /* Base */ = {isa = PBXFileReference; lastKnownFileType = file.storyboard; name = Base; path = Base.lproj/Main.storyboard; sourceTree = "<group>"; };
		154FB14B1E30CB5100841213 /* Assets.xcassets */ = {isa = PBXFileReference; lastKnownFileType = folder.assetcatalog; path = Assets.xcassets; sourceTree = "<group>"; };
		154FB14E1E30CB5100841213 /* Base */ = {isa = PBXFileReference; lastKnownFileType = file.storyboard; name = Base; path = Base.lproj/LaunchScreen.storyboard; sourceTree = "<group>"; };
		154FB1501E30CB5100841213 /* Info.plist */ = {isa = PBXFileReference; lastKnownFileType = text.plist.xml; path = Info.plist; sourceTree = "<group>"; };
/* End PBXFileReference section */

/* Begin PBXFrameworksBuildPhase section */
		154FB1391E30CB5100841213 /* Frameworks */ = {
			isa = PBXFrameworksBuildPhase;
			buildActionMask = 2147483647;
			files = (
			);
			runOnlyForDeploymentPostprocessing = 0;
		};
/* End PBXFrameworksBuildPhase section */

/* Begin PBXGroup section */
		154FB1331E30CB5100841213 = {
			isa = PBXGroup;
			children = (
				154FB13E1E30CB5100841213 /* PirateAdventureGame */,
				154FB13D1E30CB5100841213 /* Products */,
			);
			sourceTree = "<group>";
		};
		154FB13D1E30CB5100841213 /* Products */ = {
			isa = PBXGroup;
			children = (
				154FB13C1E30CB5100841213 /* PirateAdventureGame.app */,
			);
			name = Products;
			sourceTree = "<group>";
		};
		154FB13E1E30CB5100841213 /* PirateAdventureGame */ = {
			isa = PBXGroup;
			children = (
				154FB1421E30CB5100841213 /* AppDelegate.h */,
				154FB1431E30CB5100841213 /* AppDelegate.m */,
				154FB1451E30CB5100841213 /* ViewController.h */,
				154FB1461E30CB5100841213 /* ViewController.m */,
				154FB1481E30CB5100841213 /* Main.storyboard */,
				154FB14B1E30CB5100841213 /* Assets.xcassets */,
				154FB14D1E30CB5100841213 /* LaunchScreen.storyboard */,
				154FB1501E30CB5100841213 /* Info.plist */,
				154FB13F1E30CB5100841213 /* Supporting Files */,
			);
			path = PirateAdventureGame;
			sourceTree = "<group>";
		};
		154FB13F1E30CB5100841213 /* Supporting Files */ = {
			isa = PBXGroup;
			children = (
				154FB1401E30CB5100841213 /* main.m */,
			);
			name = "Supporting Files";
			sourceTree = "<group>";
		};
/* End PBXGroup section */

/* Begin PBXNativeTarget section */
		154FB13B1E30CB5100841213 /* PirateAdventureGame */ = {
			isa = PBXNativeTarget;
			buildConfigurationList = 154FB1531E30CB5100841213 /* Build configuration list for PBXNativeTarget "PirateAdventureGame" */;
			buildPhases = (
				154FB1381E30CB5100841213 /* Sources */,
				154FB1391E30CB5100841213 /* Frameworks */,
				154FB13A1E30CB5100841213 /* Resources */,
			);
			buildRules = (
			);
			dependencies = (
			);
			name = PirateAdventureGame;
			productName = PirateAdventureGame;
			productReference = 154FB13C1E30CB5100841213 /* PirateAdventureGame.app */;
			productType = "com.apple.product-type.application";
		};
/* End PBXNativeTarget section */

/* Begin PBXProject section */
		154FB1341E30CB5100841213 /* Project object */ = {
			isa = PBXProject;
			attributes = {
				LastUpgradeCheck = 0810;
				ORGANIZATIONNAME = "Mohini Sindhu ";
				TargetAttributes = {
					154FB13B1E30CB5100841213 = {
						CreatedOnToolsVersion = 8.1;
						ProvisioningStyle = Automatic;
					};
				};
			};
			buildConfigurationList = 154FB1371E30CB5100841213 /* Build configuration list for PBXProject "PirateAdventureGame" */;
			compatibilityVersion = "Xcode 3.2";
			developmentRegion = English;
			hasScannedForEncodings = 0;
			knownRegions = (
				en,
				Base,
			);
			mainGroup = 154FB1331E30CB5100841213;
			productRefGroup = 154FB13D1E30CB5100841213 /* Products */;
			projectDirPath = "";
			projectRoot = "";
			targets = (
				154FB13B1E30CB5100841213 /* PirateAdventureGame */,
			);
		};
/* End PBXProject section */

/* Begin PBXResourcesBuildPhase section */
		154FB13A1E30CB5100841213 /* Resources */ = {
			isa = PBXResourcesBuildPhase;
			buildActionMask = 2147483647;
			files = (
				154FB14F1E30CB5100841213 /* LaunchScreen.storyboard in Resources */,
				154FB14C1E30CB5100841213 /* Assets.xcassets in Resources */,
				154FB14A1E30CB5100841213 /* Main.storyboard in Resources */,
			);
			runOnlyForDeploymentPostprocessing = 0;
		};
/* End PBXResourcesBuildPhase section */

/* Begin PBXSourcesBuildPhase section */
		154FB1381E30CB5100841213 /* Sources */ = {
			isa = PBXSourcesBuildPhase;
			buildActionMask = 2147483647;
			files = (
				154FB1471E30CB5100841213 /* ViewController.m in Sources */,
				154FB1441E30CB5100841213 /* AppDelegate.m in Sources */,
				154FB1411E30CB5100841213 /* main.m in Sources */,
			);
			runOnlyForDeploymentPostprocessing = 0;
		};
/* End PBXSourcesBuildPhase section */

/* Begin PBXVariantGroup section */
		154FB1481E30CB5100841213 /* Main.storyboard */ = {
			isa = PBXVariantGroup;
			children = (
				154FB1491E30CB5100841213 /* Base */,
			);
			name = Main.storyboard;
			sourceTree = "<group>";
		};
		154FB14D1E30CB5100841213 /* LaunchScreen.storyboard */ = {
			isa = PBXVariantGroup;
			children = (
				154FB14E1E30CB5100841213 /* Base */,
			);
			name = LaunchScreen.storyboard;
			sourceTree = "<group>";
		};
/* End PBXVariantGroup section */

/* Begin XCBuildConfiguration section */
		154FB1511E30CB5100841213 /* Debug */ = {
			isa = XCBuildConfiguration;
			buildSettings = {
				ALWAYS_SEARCH_USER_PATHS = NO;
				CLANG_ANALYZER_NONNULL = YES;
				CLANG_CXX_LANGUAGE_STANDARD = "gnu++0x";
				CLANG_CXX_LIBRARY = "libc++";
				CLANG_ENABLE_MODULES = YES;
				CLANG_ENABLE_OBJC_ARC = YES;
				CLANG_WARN_BOOL_CONVERSION = YES;
				CLANG_WARN_CONSTANT_CONVERSION = YES;
				CLANG_WARN_DIRECT_OBJC_ISA_USAGE = YES_ERROR;
				CLANG_WARN_DOCUMENTATION_COMMENTS = YES;
				CLANG_WARN_EMPTY_BODY = YES;
				CLANG_WARN_ENUM_CONVERSION = YES;
				CLANG_WARN_INFINITE_RECURSION = YES;
				CLANG_WARN_INT_CONVERSION = YES;
				CLANG_WARN_OBJC_ROOT_CLASS = YES_ERROR;
				CLANG_WARN_SUSPICIOUS_MOVES = YES;
				CLANG_WARN_UNREACHABLE_CODE = YES;
				CLANG_WARN__DUPLICATE_METHOD_MATCH = YES;
				"CODE_SIGN_IDENTITY[sdk=iphoneos*]" = "iPhone Developer";
				COPY_PHASE_STRIP = NO;
				DEBUG_INFORMATION_FORMAT = dwarf;
				ENABLE_STRICT_OBJC_MSGSEND = YES;
				ENABLE_TESTABILITY = YES;
				GCC_C_LANGUAGE_STANDARD = gnu99;
				GCC_DYNAMIC_NO_PIC = NO;
				GCC_NO_COMMON_BLOCKS = YES;
				GCC_OPTIMIZATION_LEVEL = 0;
				GCC_PREPROCESSOR_DEFINITIONS = (
					"DEBUG=1",
					"$(inherited)",
				);
				GCC_WARN_64_TO_32_BIT_CONVERSION = YES;
				GCC_WARN_ABOUT_RETURN_TYPE = YES_ERROR;
				GCC_WARN_UNDECLARED_SELECTOR = YES;
				GCC_WARN_UNINITIALIZED_AUTOS = YES_AGGRESSIVE;
				GCC_WARN_UNUSED_FUNCTION = YES;
				GCC_WARN_UNUSED_VARIABLE = YES;
				IPHONEOS_DEPLOYMENT_TARGET = 10.1;
				MTL_ENABLE_DEBUG_INFO = YES;
				ONLY_ACTIVE_ARCH = YES;
				SDKROOT = iphoneos;
			};
			name = Debug;
		};
		154FB1521E30CB5100841213 /* Release */ = {
			isa = XCBuildConfiguration;
			buildSettings = {
				ALWAYS_SEARCH_USER_PATHS = NO;
				CLANG_ANALYZER_NONNULL = YES;
				CLANG_CXX_LANGUAGE_STANDARD = "gnu++0x";
				CLANG_CXX_LIBRARY = "libc++";
				CLANG_ENABLE_MODULES = YES;
				CLANG_ENABLE_OBJC_ARC = YES;
				CLANG_WARN_BOOL_CONVERSION = YES;
				CLANG_WARN_CONSTANT_CONVERSION = YES;
				CLANG_WARN_DIRECT_OBJC_ISA_USAGE = YES_ERROR;
				CLANG_WARN_DOCUMENTATION_COMMENTS = YES;
				CLANG_WARN_EMPTY_BODY = YES;
				CLANG_WARN_ENUM_CONVERSION = YES;
				CLANG_WARN_INFINITE_RECURSION = YES;
				CLANG_WARN_INT_CONVERSION = YES;
				CLANG_WARN_OBJC_ROOT_CLASS = YES_ERROR;
				CLANG_WARN_SUSPICIOUS_MOVES = YES;
				CLANG_WARN_UNREACHABLE_CODE = YES;
				CLANG_WARN__DUPLICATE_METHOD_MATCH = YES;
				"CODE_SIGN_IDENTITY[sdk=iphoneos*]" = "iPhone Developer";
				COPY_PHASE_STRIP = NO;
				DEBUG_INFORMATION_FORMAT = "dwarf-with-dsym";
				ENABLE_NS_ASSERTIONS = NO;
				ENABLE_STRICT_OBJC_MSGSEND = YES;
				GCC_C_LANGUAGE_STANDARD = gnu99;
				GCC_NO_COMMON_BLOCKS = YES;
				GCC_WARN_64_TO_32_BIT_CONVERSION = YES;
				GCC_WARN_ABOUT_RETURN_TYPE = YES_ERROR;
				GCC_WARN_UNDECLARED_SELECTOR = YES;
				GCC_WARN_UNINITIALIZED_AUTOS = YES_AGGRESSIVE;
				GCC_WARN_UNUSED_FUNCTION = YES;
				GCC_WARN_UNUSED_VARIABLE = YES;
				IPHONEOS_DEPLOYMENT_TARGET = 10.1;
				MTL_ENABLE_DEBUG_INFO = NO;
				SDKROOT = iphoneos;
				VALIDATE_PRODUCT = YES;
			};
			name = Release;
		};
		154FB1541E30CB5100841213 /* Debug */ = {
			isa = XCBuildConfiguration;
			buildSettings = {
				ASSETCATALOG_COMPILER_APPICON_NAME = AppIcon;
				INFOPLIST_FILE = PirateAdventureGame/Info.plist;
				LD_RUNPATH_SEARCH_PATHS = "$(inherited) @executable_path/Frameworks";
				PRODUCT_BUNDLE_IDENTIFIER = mohini.PirateAdventureGame;
				PRODUCT_NAME = "$(TARGET_NAME)";
			};
			name = Debug;
		};
		154FB1551E30CB5100841213 /* Release */ = {
			isa = XCBuildConfiguration;
			buildSettings = {
				ASSETCATALOG_COMPILER_APPICON_NAME = AppIcon;
				INFOPLIST_FILE = PirateAdventureGame/Info.plist;
				LD_RUNPATH_SEARCH_PATHS = "$(inherited) @executable_path/Frameworks";
				PRODUCT_BUNDLE_IDENTIFIER = mohini.PirateAdventureGame;
				PRODUCT_NAME = "$(TARGET_NAME)";
			};
			name = Release;
		};
/* End XCBuildConfiguration section */

/* Begin XCConfigurationList section */
		154FB1371E30CB5100841213 /* Build configuration list for PBXProject "PirateAdventureGame" */ = {
			isa = XCConfigurationList;
			buildConfigurations = (
				154FB1511E30CB5100841213 /* Debug */,
				154FB1521E30CB5100841213 /* Release */,
			);
			defaultConfigurationIsVisible = 0;
			defaultConfigurationName = Release;
		};
		154FB1531E30CB5100841213 /* Build configuration list for PBXNativeTarget "PirateAdventureGame" */ = {
			isa = XCConfigurationList;
			buildConfigurations = (
				154FB1541E30CB5100841213 /* Debug */,
				154FB1551E30CB5100841213 /* Release */,
			);
			defaultConfigurationIsVisible = 0;
		};
/* End XCConfigurationList section */
	};
	rootObject = 154FB1341E30CB5100841213 /* Project object */;
}
